# This file was autogenerated by Stack.
# You should not edit this file by hand.
# For more information, please see the documentation at:
#   https://docs.haskellstack.org/en/stable/lock_files

packages:
- completed:
    hackage: Chart-1.9.1@sha256:a5e052a4a74d7e85ab4661d0567401f1c55e8a94e93030d34cf6cf72c68df8ec,2949
    pantry-tree:
      size: 3031
      sha256: 3d80c157e04a1ded3528dec7b81e1c310eaf21d84f5330950c7f7387daee6dc7
  original:
    hackage: Chart-1.9.1
- completed:
    hackage: cairo-0.13.8.0@sha256:9b64a376ebaa4f153bba5866a32291fd4bed48147009cce9158ce6533928eba8,4075
    pantry-tree:
      size: 2830
      sha256: 07aeb4b5eaa1d8201f67f4b8011aaf182ceb4e558066e59d482485fc02895994
  original:
    hackage: cairo-0.13.8.0@sha256:9b64a376ebaa4f153bba5866a32291fd4bed48147009cce9158ce6533928eba8,4075
- completed:
    hackage: Chart-cairo-1.9.3@sha256:05cecda5743954e43c8eabea788e0c19300c305346febee727ce578f69e30748,879
    pantry-tree:
      size: 238
      sha256: e00876230cd7553283f0cf6e437709c6e0e81f7166d20b251329ae76ff7d2462
  original:
    hackage: Chart-cairo-1.9.3@sha256:05cecda5743954e43c8eabea788e0c19300c305346febee727ce578f69e30748,879
- completed:
    hackage: gtk2hs-buildtools-0.13.8.0@sha256:132f38155fc677430a47ea750918973161c876fb6f281d342ac2f07eb99229ce,5238
    pantry-tree:
      size: 3588
      sha256: 4552e3c0f2ef0f16285c38898d7e2b6aeea67d4e37cd203b0c82f70592096c45
  original:
    hackage: gtk2hs-buildtools-0.13.8.0@sha256:132f38155fc677430a47ea750918973161c876fb6f281d342ac2f07eb99229ce,5238
- completed:
    hackage: generic-lens-core-2.0.0.0@sha256:40b063c4a1399b3cdb19f2df1fae5a1a82f3313015c7c3e47fc23b8ef1b3e443,2913
    pantry-tree:
      size: 2201
      sha256: 73f91636570c0e96044f655402ccbf6adba78d3a93f8d9ee97f3115bae096536
  original:
    hackage: generic-lens-core-2.0.0.0@sha256:40b063c4a1399b3cdb19f2df1fae5a1a82f3313015c7c3e47fc23b8ef1b3e443,2913
- completed:
    hackage: optics-core-0.2@sha256:cfdf39871553769b59fcc54863a3521d262ea25d8d05d0f41ab87296c560cfa6,4392
    pantry-tree:
      size: 4818
      sha256: 77521681ab5e6fd84a31b7cf9c5f51233141eecd7b9545a1c9eef6b1015776bc
  original:
    hackage: optics-core-0.2@sha256:cfdf39871553769b59fcc54863a3521d262ea25d8d05d0f41ab87296c560cfa6,4392
- completed:
    hackage: indexed-profunctors-0.1@sha256:ddf618d0d4c58319c1e735e746bc69a1021f13b6f475dc9614b80af03432e6d4,1016
    pantry-tree:
      size: 235
      sha256: cfd66c0a53be1b45eae72df112ea1158614458bb7b1c9cbbe3410b04ab011ec6
  original:
    hackage: indexed-profunctors-0.1@sha256:ddf618d0d4c58319c1e735e746bc69a1021f13b6f475dc9614b80af03432e6d4,1016
- completed:
    hackage: generic-optics-2.0.0.0@sha256:54bcfc4ffce961600020f3d5de13827953c96e99012e7e6acc6e28b336ad50e0,3715
    pantry-tree:
      size: 2172
      sha256: f7fcb103298804980c93e1513446c74005a6cd21e99a80ff3c005a520599095f
  original:
    hackage: generic-optics-2.0.0.0@sha256:54bcfc4ffce961600020f3d5de13827953c96e99012e7e6acc6e28b336ad50e0,3715
snapshots:
- completed:
    size: 524155
    url: https://raw.githubusercontent.com/commercialhaskell/stackage-snapshots/master/lts/14/19.yaml
    sha256: 9f79f6494473c9b46911364b94c4b5ef19ca8d35ebf62e46697cf651f198ee19
  original: lts-14.19
